
Microsoft Visual Studio Solution File, Format Version 12.00
# Visual Studio Version 17
VisualStudioVersion = 17.2.32526.322
MinimumVisualStudioVersion = 10.0.40219.1
Project("{FAE04EC0-301F-11D3-BF4B-00C04F79EFBC}") = "Emp", "Emp\Emp.csproj", "{0D139E52-ABB7-40CD-B3EA-5E7B1304E6CD}"
EndProject
Global
	GlobalSection(SolutionConfigurationPlatforms) = preSolution
		Debug|Any CPU = Debug|Any CPU
		Release|Any CPU = Release|Any CPU
	EndGlobalSection
	GlobalSection(ProjectConfigurationPlatforms) = postSolution
		{0D139E52-ABB7-40CD-B3EA-5E7B1304E6CD}.Debug|Any CPU.ActiveCfg = Debug|Any CPU
		{0D139E52-ABB7-40CD-B3EA-5E7B1304E6CD}.Debug|Any CPU.Build.0 = Debug|Any CPU
		{0D139E52-ABB7-40CD-B3EA-5E7B1304E6CD}.Release|Any CPU.ActiveCfg = Release|Any CPU
		{0D139E52-ABB7-40CD-B3EA-5E7B1304E6CD}.Release|Any CPU.Build.0 = Release|Any CPU
	EndGlobalSection
	GlobalSection(SolutionProperties) = preSolution
		HideSolutionNode = FALSE
	EndGlobalSection
	GlobalSection(ExtensibilityGlobals) = postSolution
		SolutionGuid = {91B46D65-6160-4953-82B5-AF6BA3290715}
	EndGlobalSection
EndGlobal
